
Microsoft Visual Studio Solution File, Format Version 12.00
# Visual Studio Version 17
VisualStudioVersion = 17.0.31903.59
MinimumVisualStudioVersion = 10.0.40219.1
Project("{2150E333-8FDC-42A3-9474-1A3956D46DE8}") = "src", "src", "{827E0CD3-B72D-47B6-A68D-7590B98EB39B}"
EndProject
Project("{2150E333-8FDC-42A3-9474-1A3956D46DE8}") = "tools", "tools", "{23687B85-ECA0-46D8-9B03-AB99D7205D07}"
EndProject
Project("{2150E333-8FDC-42A3-9474-1A3956D46DE8}") = "tests", "tests", "{A1D62C45-6A31-4F38-8129-30DD2560E2D2}"
EndProject
Project("{FAE04EC0-301F-11D3-BF4B-00C04F79EFBC}") = "SafarSuite.ControlDesk.Domain", "src\SafarSuite.ControlDesk.Domain\SafarSuite.ControlDesk.Domain.csproj", "{79E9A7AC-E489-4B53-94FB-3B8FBBE00297}"
EndProject
Project("{FAE04EC0-301F-11D3-BF4B-00C04F79EFBC}") = "SafarSuite.ControlDesk.Contracts", "src\SafarSuite.ControlDesk.Contracts\SafarSuite.ControlDesk.Contracts.csproj", "{5C1819A1-0772-49C1-8F98-C62C964AA347}"
EndProject
Project("{FAE04EC0-301F-11D3-BF4B-00C04F79EFBC}") = "SafarSuite.ControlDesk.Application", "src\SafarSuite.ControlDesk.Application\SafarSuite.ControlDesk.Application.csproj", "{6708833F-2337-428A-AFC3-F0C16BEB5842}"
EndProject
Project("{FAE04EC0-301F-11D3-BF4B-00C04F79EFBC}") = "SafarSuite.ControlDesk.Infrastructure", "src\SafarSuite.ControlDesk.Infrastructure\SafarSuite.ControlDesk.Infrastructure.csproj", "{78048F4C-9706-4A9D-8642-4EE2AD616933}"
EndProject
Project("{FAE04EC0-301F-11D3-BF4B-00C04F79EFBC}") = "SafarSuite.ControlDesk.Api", "src\SafarSuite.ControlDesk.Api\SafarSuite.ControlDesk.Api.csproj", "{966E4CC7-3CA5-41BF-ABB4-D079BB04B87D}"
EndProject
Project("{FAE04EC0-301F-11D3-BF4B-00C04F79EFBC}") = "SafarSuite.ControlDesk.AccountingSmoke", "tools\SafarSuite.ControlDesk.AccountingSmoke\SafarSuite.ControlDesk.AccountingSmoke.csproj", "{7F6C6E6D-0DC4-4D5B-8C60-F2E6430D2E34}"
EndProject
Project("{FAE04EC0-301F-11D3-BF4B-00C04F79EFBC}") = "SafarSuite.ControlCloud.Domain", "src\SafarSuite.ControlCloud.Domain\SafarSuite.ControlCloud.Domain.csproj", "{D191B586-B8DE-4215-AEDC-68EF994A91ED}"
EndProject
Project("{FAE04EC0-301F-11D3-BF4B-00C04F79EFBC}") = "SafarSuite.ControlCloud.Application", "src\SafarSuite.ControlCloud.Application\SafarSuite.ControlCloud.Application.csproj", "{C84233A0-A1BB-438B-829E-1E2D8C985F55}"
EndProject
Project("{FAE04EC0-301F-11D3-BF4B-00C04F79EFBC}") = "SafarSuite.ControlCloud.Infrastructure", "src\SafarSuite.ControlCloud.Infrastructure\SafarSuite.ControlCloud.Infrastructure.csproj", "{FF41AF20-DEFF-4DC5-89D8-A66AE156ABB5}"
EndProject
Project("{FAE04EC0-301F-11D3-BF4B-00C04F79EFBC}") = "SafarSuite.ControlCloud.Api", "src\SafarSuite.ControlCloud.Api\SafarSuite.ControlCloud.Api.csproj", "{A8C2A4C5-45A7-4C7F-9838-11420AF6FCA1}"
EndProject
Project("{FAE04EC0-301F-11D3-BF4B-00C04F79EFBC}") = "SafarSuite.LocalServer.Domain", "src\SafarSuite.LocalServer.Domain\SafarSuite.LocalServer.Domain.csproj", "{33D7FC44-B317-41EA-8087-C142BD8F0CEF}"
EndProject
Project("{FAE04EC0-301F-11D3-BF4B-00C04F79EFBC}") = "SafarSuite.LocalServer.Application", "src\SafarSuite.LocalServer.Application\SafarSuite.LocalServer.Application.csproj", "{1377A14B-C981-4822-A695-51CD33477991}"
EndProject
Project("{FAE04EC0-301F-11D3-BF4B-00C04F79EFBC}") = "SafarSuite.LocalServer.Infrastructure", "src\SafarSuite.LocalServer.Infrastructure\SafarSuite.LocalServer.Infrastructure.csproj", "{C676B5F1-CD34-4AEC-93D9-A57257D489FF}"
EndProject
Project("{FAE04EC0-301F-11D3-BF4B-00C04F79EFBC}") = "SafarSuite.LocalServer.EntitlementSmoke", "tools\SafarSuite.LocalServer.EntitlementSmoke\SafarSuite.LocalServer.EntitlementSmoke.csproj", "{B0ABFC87-C595-44E8-8753-069B99ECDFF4}"
EndProject
Project("{FAE04EC0-301F-11D3-BF4B-00C04F79EFBC}") = "SafarSuite.LocalServer.Api", "src\SafarSuite.LocalServer.Api\SafarSuite.LocalServer.Api.csproj", "{06454684-C5F4-4B93-ADDA-EC274ED7877E}"
EndProject
Project("{FAE04EC0-301F-11D3-BF4B-00C04F79EFBC}") = "SafarSuite.AppRuntimeProbe", "tools\SafarSuite.AppRuntimeProbe\SafarSuite.AppRuntimeProbe.csproj", "{75B91B73-CBC9-487D-ACE2-2273E9AB6839}"
EndProject
Project("{FAE04EC0-301F-11D3-BF4B-00C04F79EFBC}") = "SafarSuite.ControlDesk.ProductAccessCatalogSmoke", "tools\SafarSuite.ControlDesk.ProductAccessCatalogSmoke\SafarSuite.ControlDesk.ProductAccessCatalogSmoke.csproj", "{421F596A-BE9B-4449-8F5A-272ADCD2B6B5}"
EndProject
Project("{FAE04EC0-301F-11D3-BF4B-00C04F79EFBC}") = "SafarSuite.ControlCloud.ProviderAccessSmoke", "tools\SafarSuite.ControlCloud.ProviderAccessSmoke\SafarSuite.ControlCloud.ProviderAccessSmoke.csproj", "{F19126E5-CD90-44CA-B89D-06251218D136}"
EndProject
Project("{FAE04EC0-301F-11D3-BF4B-00C04F79EFBC}") = "SafarSuite.ControlCloud.PostgresProof", "tools\SafarSuite.ControlCloud.PostgresProof\SafarSuite.ControlCloud.PostgresProof.csproj", "{ADCD18C8-AF91-48D3-AE09-1D24394BB3D0}"
EndProject
Project("{FAE04EC0-301F-11D3-BF4B-00C04F79EFBC}") = "SafarSuite.ControlDesk.ProviderAccessProxyProof", "tools\SafarSuite.ControlDesk.ProviderAccessProxyProof\SafarSuite.ControlDesk.ProviderAccessProxyProof.csproj", "{4F234AF8-3E9A-4C09-A2BF-926828E8A5A9}"
EndProject
Project("{FAE04EC0-301F-11D3-BF4B-00C04F79EFBC}") = "SafarSuite.ControlCloud.Identity.Tests", "tests\SafarSuite.ControlCloud.Identity.Tests\SafarSuite.ControlCloud.Identity.Tests.csproj", "{C0D525F0-4AF3-4D25-A85D-1E10D7416BC1}"
EndProject
Project("{FAE04EC0-301F-11D3-BF4B-00C04F79EFBC}") = "SafarSuite.ControlDesk.Domain.Tests", "tests\SafarSuite.ControlDesk.Domain.Tests\SafarSuite.ControlDesk.Domain.Tests.csproj", "{7D7CB2CC-CE16-4885-B980-0E21B730CADB}"
EndProject
Project("{FAE04EC0-301F-11D3-BF4B-00C04F79EFBC}") = "SafarSuite.ControlDesk.Api.Tests", "tests\SafarSuite.ControlDesk.Api.Tests\SafarSuite.ControlDesk.Api.Tests.csproj", "{7A0D2AFF-240D-4FF6-A5C3-C6818E205071}"
EndProject
Global
	GlobalSection(SolutionConfigurationPlatforms) = preSolution
		Debug|Any CPU = Debug|Any CPU
		Debug|x64 = Debug|x64
		Debug|x86 = Debug|x86
		Release|Any CPU = Release|Any CPU
		Release|x64 = Release|x64
		Release|x86 = Release|x86
	EndGlobalSection
	GlobalSection(ProjectConfigurationPlatforms) = postSolution
		{79E9A7AC-E489-4B53-94FB-3B8FBBE00297}.Debug|Any CPU.ActiveCfg = Debug|Any CPU
		{79E9A7AC-E489-4B53-94FB-3B8FBBE00297}.Debug|Any CPU.Build.0 = Debug|Any CPU
		{79E9A7AC-E489-4B53-94FB-3B8FBBE00297}.Debug|x64.ActiveCfg = Debug|Any CPU
		{79E9A7AC-E489-4B53-94FB-3B8FBBE00297}.Debug|x64.Build.0 = Debug|Any CPU
		{79E9A7AC-E489-4B53-94FB-3B8FBBE00297}.Debug|x86.ActiveCfg = Debug|Any CPU
		{79E9A7AC-E489-4B53-94FB-3B8FBBE00297}.Debug|x86.Build.0 = Debug|Any CPU
		{79E9A7AC-E489-4B53-94FB-3B8FBBE00297}.Release|Any CPU.ActiveCfg = Release|Any CPU
		{79E9A7AC-E489-4B53-94FB-3B8FBBE00297}.Release|Any CPU.Build.0 = Release|Any CPU
		{79E9A7AC-E489-4B53-94FB-3B8FBBE00297}.Release|x64.ActiveCfg = Release|Any CPU
		{79E9A7AC-E489-4B53-94FB-3B8FBBE00297}.Release|x64.Build.0 = Release|Any CPU
		{79E9A7AC-E489-4B53-94FB-3B8FBBE00297}.Release|x86.ActiveCfg = Release|Any CPU
		{79E9A7AC-E489-4B53-94FB-3B8FBBE00297}.Release|x86.Build.0 = Release|Any CPU
		{5C1819A1-0772-49C1-8F98-C62C964AA347}.Debug|Any CPU.ActiveCfg = Debug|Any CPU
		{5C1819A1-0772-49C1-8F98-C62C964AA347}.Debug|Any CPU.Build.0 = Debug|Any CPU
		{5C1819A1-0772-49C1-8F98-C62C964AA347}.Debug|x64.ActiveCfg = Debug|Any CPU
		{5C1819A1-0772-49C1-8F98-C62C964AA347}.Debug|x64.Build.0 = Debug|Any CPU
		{5C1819A1-0772-49C1-8F98-C62C964AA347}.Debug|x86.ActiveCfg = Debug|Any CPU
		{5C1819A1-0772-49C1-8F98-C62C964AA347}.Debug|x86.Build.0 = Debug|Any CPU
		{5C1819A1-0772-49C1-8F98-C62C964AA347}.Release|Any CPU.ActiveCfg = Release|Any CPU
		{5C1819A1-0772-49C1-8F98-C62C964AA347}.Release|Any CPU.Build.0 = Release|Any CPU
		{5C1819A1-0772-49C1-8F98-C62C964AA347}.Release|x64.ActiveCfg = Release|Any CPU
		{5C1819A1-0772-49C1-8F98-C62C964AA347}.Release|x64.Build.0 = Release|Any CPU
		{5C1819A1-0772-49C1-8F98-C62C964AA347}.Release|x86.ActiveCfg = Release|Any CPU
		{5C1819A1-0772-49C1-8F98-C62C964AA347}.Release|x86.Build.0 = Release|Any CPU
		{6708833F-2337-428A-AFC3-F0C16BEB5842}.Debug|Any CPU.ActiveCfg = Debug|Any CPU
		{6708833F-2337-428A-AFC3-F0C16BEB5842}.Debug|Any CPU.Build.0 = Debug|Any CPU
		{6708833F-2337-428A-AFC3-F0C16BEB5842}.Debug|x64.ActiveCfg = Debug|Any CPU
		{6708833F-2337-428A-AFC3-F0C16BEB5842}.Debug|x64.Build.0 = Debug|Any CPU
		{6708833F-2337-428A-AFC3-F0C16BEB5842}.Debug|x86.ActiveCfg = Debug|Any CPU
		{6708833F-2337-428A-AFC3-F0C16BEB5842}.Debug|x86.Build.0 = Debug|Any CPU
		{6708833F-2337-428A-AFC3-F0C16BEB5842}.Release|Any CPU.ActiveCfg = Release|Any CPU
		{6708833F-2337-428A-AFC3-F0C16BEB5842}.Release|Any CPU.Build.0 = Release|Any CPU
		{6708833F-2337-428A-AFC3-F0C16BEB5842}.Release|x64.ActiveCfg = Release|Any CPU
		{6708833F-2337-428A-AFC3-F0C16BEB5842}.Release|x64.Build.0 = Release|Any CPU
		{6708833F-2337-428A-AFC3-F0C16BEB5842}.Release|x86.ActiveCfg = Release|Any CPU
		{6708833F-2337-428A-AFC3-F0C16BEB5842}.Release|x86.Build.0 = Release|Any CPU
		{78048F4C-9706-4A9D-8642-4EE2AD616933}.Debug|Any CPU.ActiveCfg = Debug|Any CPU
		{78048F4C-9706-4A9D-8642-4EE2AD616933}.Debug|Any CPU.Build.0 = Debug|Any CPU
		{78048F4C-9706-4A9D-8642-4EE2AD616933}.Debug|x64.ActiveCfg = Debug|Any CPU
		{78048F4C-9706-4A9D-8642-4EE2AD616933}.Debug|x64.Build.0 = Debug|Any CPU
		{78048F4C-9706-4A9D-8642-4EE2AD616933}.Debug|x86.ActiveCfg = Debug|Any CPU
		{78048F4C-9706-4A9D-8642-4EE2AD616933}.Debug|x86.Build.0 = Debug|Any CPU
		{78048F4C-9706-4A9D-8642-4EE2AD616933}.Release|Any CPU.ActiveCfg = Release|Any CPU
		{78048F4C-9706-4A9D-8642-4EE2AD616933}.Release|Any CPU.Build.0 = Release|Any CPU
		{78048F4C-9706-4A9D-8642-4EE2AD616933}.Release|x64.ActiveCfg = Release|Any CPU
		{78048F4C-9706-4A9D-8642-4EE2AD616933}.Release|x64.Build.0 = Release|Any CPU
		{78048F4C-9706-4A9D-8642-4EE2AD616933}.Release|x86.ActiveCfg = Release|Any CPU
		{78048F4C-9706-4A9D-8642-4EE2AD616933}.Release|x86.Build.0 = Release|Any CPU
		{966E4CC7-3CA5-41BF-ABB4-D079BB04B87D}.Debug|Any CPU.ActiveCfg = Debug|Any CPU
		{966E4CC7-3CA5-41BF-ABB4-D079BB04B87D}.Debug|Any CPU.Build.0 = Debug|Any CPU
		{966E4CC7-3CA5-41BF-ABB4-D079BB04B87D}.Debug|x64.ActiveCfg = Debug|Any CPU
		{966E4CC7-3CA5-41BF-ABB4-D079BB04B87D}.Debug|x64.Build.0 = Debug|Any CPU
		{966E4CC7-3CA5-41BF-ABB4-D079BB04B87D}.Debug|x86.ActiveCfg = Debug|Any CPU
		{966E4CC7-3CA5-41BF-ABB4-D079BB04B87D}.Debug|x86.Build.0 = Debug|Any CPU
		{966E4CC7-3CA5-41BF-ABB4-D079BB04B87D}.Release|Any CPU.ActiveCfg = Release|Any CPU
		{966E4CC7-3CA5-41BF-ABB4-D079BB04B87D}.Release|Any CPU.Build.0 = Release|Any CPU
		{966E4CC7-3CA5-41BF-ABB4-D079BB04B87D}.Release|x64.ActiveCfg = Release|Any CPU
		{966E4CC7-3CA5-41BF-ABB4-D079BB04B87D}.Release|x64.Build.0 = Release|Any CPU
		{966E4CC7-3CA5-41BF-ABB4-D079BB04B87D}.Release|x86.ActiveCfg = Release|Any CPU
		{966E4CC7-3CA5-41BF-ABB4-D079BB04B87D}.Release|x86.Build.0 = Release|Any CPU
		{7F6C6E6D-0DC4-4D5B-8C60-F2E6430D2E34}.Debug|Any CPU.ActiveCfg = Debug|Any CPU
		{7F6C6E6D-0DC4-4D5B-8C60-F2E6430D2E34}.Debug|Any CPU.Build.0 = Debug|Any CPU
		{7F6C6E6D-0DC4-4D5B-8C60-F2E6430D2E34}.Debug|x64.ActiveCfg = Debug|Any CPU
		{7F6C6E6D-0DC4-4D5B-8C60-F2E6430D2E34}.Debug|x64.Build.0 = Debug|Any CPU
		{7F6C6E6D-0DC4-4D5B-8C60-F2E6430D2E34}.Debug|x86.ActiveCfg = Debug|Any CPU
		{7F6C6E6D-0DC4-4D5B-8C60-F2E6430D2E34}.Debug|x86.Build.0 = Debug|Any CPU
		{7F6C6E6D-0DC4-4D5B-8C60-F2E6430D2E34}.Release|Any CPU.ActiveCfg = Release|Any CPU
		{7F6C6E6D-0DC4-4D5B-8C60-F2E6430D2E34}.Release|Any CPU.Build.0 = Release|Any CPU
		{7F6C6E6D-0DC4-4D5B-8C60-F2E6430D2E34}.Release|x64.ActiveCfg = Release|Any CPU
		{7F6C6E6D-0DC4-4D5B-8C60-F2E6430D2E34}.Release|x64.Build.0 = Release|Any CPU
		{7F6C6E6D-0DC4-4D5B-8C60-F2E6430D2E34}.Release|x86.ActiveCfg = Release|Any CPU
		{7F6C6E6D-0DC4-4D5B-8C60-F2E6430D2E34}.Release|x86.Build.0 = Release|Any CPU
		{D191B586-B8DE-4215-AEDC-68EF994A91ED}.Debug|Any CPU.ActiveCfg = Debug|Any CPU
		{D191B586-B8DE-4215-AEDC-68EF994A91ED}.Debug|Any CPU.Build.0 = Debug|Any CPU
		{D191B586-B8DE-4215-AEDC-68EF994A91ED}.Debug|x64.ActiveCfg = Debug|Any CPU
		{D191B586-B8DE-4215-AEDC-68EF994A91ED}.Debug|x64.Build.0 = Debug|Any CPU
		{D191B586-B8DE-4215-AEDC-68EF994A91ED}.Debug|x86.ActiveCfg = Debug|Any CPU
		{D191B586-B8DE-4215-AEDC-68EF994A91ED}.Debug|x86.Build.0 = Debug|Any CPU
		{D191B586-B8DE-4215-AEDC-68EF994A91ED}.Release|Any CPU.ActiveCfg = Release|Any CPU
		{D191B586-B8DE-4215-AEDC-68EF994A91ED}.Release|Any CPU.Build.0 = Release|Any CPU
		{D191B586-B8DE-4215-AEDC-68EF994A91ED}.Release|x64.ActiveCfg = Release|Any CPU
		{D191B586-B8DE-4215-AEDC-68EF994A91ED}.Release|x64.Build.0 = Release|Any CPU
		{D191B586-B8DE-4215-AEDC-68EF994A91ED}.Release|x86.ActiveCfg = Release|Any CPU
		{D191B586-B8DE-4215-AEDC-68EF994A91ED}.Release|x86.Build.0 = Release|Any CPU
		{C84233A0-A1BB-438B-829E-1E2D8C985F55}.Debug|Any CPU.ActiveCfg = Debug|Any CPU
		{C84233A0-A1BB-438B-829E-1E2D8C985F55}.Debug|Any CPU.Build.0 = Debug|Any CPU
		{C84233A0-A1BB-438B-829E-1E2D8C985F55}.Debug|x64.ActiveCfg = Debug|Any CPU
		{C84233A0-A1BB-438B-829E-1E2D8C985F55}.Debug|x64.Build.0 = Debug|Any CPU
		{C84233A0-A1BB-438B-829E-1E2D8C985F55}.Debug|x86.ActiveCfg = Debug|Any CPU
		{C84233A0-A1BB-438B-829E-1E2D8C985F55}.Debug|x86.Build.0 = Debug|Any CPU
		{C84233A0-A1BB-438B-829E-1E2D8C985F55}.Release|Any CPU.ActiveCfg = Release|Any CPU
		{C84233A0-A1BB-438B-829E-1E2D8C985F55}.Release|Any CPU.Build.0 = Release|Any CPU
		{C84233A0-A1BB-438B-829E-1E2D8C985F55}.Release|x64.ActiveCfg = Release|Any CPU
		{C84233A0-A1BB-438B-829E-1E2D8C985F55}.Release|x64.Build.0 = Release|Any CPU
		{C84233A0-A1BB-438B-829E-1E2D8C985F55}.Release|x86.ActiveCfg = Release|Any CPU
		{C84233A0-A1BB-438B-829E-1E2D8C985F55}.Release|x86.Build.0 = Release|Any CPU
		{FF41AF20-DEFF-4DC5-89D8-A66AE156ABB5}.Debug|Any CPU.ActiveCfg = Debug|Any CPU
		{FF41AF20-DEFF-4DC5-89D8-A66AE156ABB5}.Debug|Any CPU.Build.0 = Debug|Any CPU
		{FF41AF20-DEFF-4DC5-89D8-A66AE156ABB5}.Debug|x64.ActiveCfg = Debug|Any CPU
		{FF41AF20-DEFF-4DC5-89D8-A66AE156ABB5}.Debug|x64.Build.0 = Debug|Any CPU
		{FF41AF20-DEFF-4DC5-89D8-A66AE156ABB5}.Debug|x86.ActiveCfg = Debug|Any CPU
		{FF41AF20-DEFF-4DC5-89D8-A66AE156ABB5}.Debug|x86.Build.0 = Debug|Any CPU
		{FF41AF20-DEFF-4DC5-89D8-A66AE156ABB5}.Release|Any CPU.ActiveCfg = Release|Any CPU
		{FF41AF20-DEFF-4DC5-89D8-A66AE156ABB5}.Release|Any CPU.Build.0 = Release|Any CPU
		{FF41AF20-DEFF-4DC5-89D8-A66AE156ABB5}.Release|x64.ActiveCfg = Release|Any CPU
		{FF41AF20-DEFF-4DC5-89D8-A66AE156ABB5}.Release|x64.Build.0 = Release|Any CPU
		{FF41AF20-DEFF-4DC5-89D8-A66AE156ABB5}.Release|x86.ActiveCfg = Release|Any CPU
		{FF41AF20-DEFF-4DC5-89D8-A66AE156ABB5}.Release|x86.Build.0 = Release|Any CPU
		{A8C2A4C5-45A7-4C7F-9838-11420AF6FCA1}.Debug|Any CPU.ActiveCfg = Debug|Any CPU
		{A8C2A4C5-45A7-4C7F-9838-11420AF6FCA1}.Debug|Any CPU.Build.0 = Debug|Any CPU
		{A8C2A4C5-45A7-4C7F-9838-11420AF6FCA1}.Debug|x64.ActiveCfg = Debug|Any CPU
		{A8C2A4C5-45A7-4C7F-9838-11420AF6FCA1}.Debug|x64.Build.0 = Debug|Any CPU
		{A8C2A4C5-45A7-4C7F-9838-11420AF6FCA1}.Debug|x86.ActiveCfg = Debug|Any CPU
		{A8C2A4C5-45A7-4C7F-9838-11420AF6FCA1}.Debug|x86.Build.0 = Debug|Any CPU
		{A8C2A4C5-45A7-4C7F-9838-11420AF6FCA1}.Release|Any CPU.ActiveCfg = Release|Any CPU
		{A8C2A4C5-45A7-4C7F-9838-11420AF6FCA1}.Release|Any CPU.Build.0 = Release|Any CPU
		{A8C2A4C5-45A7-4C7F-9838-11420AF6FCA1}.Release|x64.ActiveCfg = Release|Any CPU
		{A8C2A4C5-45A7-4C7F-9838-11420AF6FCA1}.Release|x64.Build.0 = Release|Any CPU
		{A8C2A4C5-45A7-4C7F-9838-11420AF6FCA1}.Release|x86.ActiveCfg = Release|Any CPU
		{A8C2A4C5-45A7-4C7F-9838-11420AF6FCA1}.Release|x86.Build.0 = Release|Any CPU
		{33D7FC44-B317-41EA-8087-C142BD8F0CEF}.Debug|Any CPU.ActiveCfg = Debug|Any CPU
		{33D7FC44-B317-41EA-8087-C142BD8F0CEF}.Debug|Any CPU.Build.0 = Debug|Any CPU
		{33D7FC44-B317-41EA-8087-C142BD8F0CEF}.Debug|x64.ActiveCfg = Debug|Any CPU
		{33D7FC44-B317-41EA-8087-C142BD8F0CEF}.Debug|x64.Build.0 = Debug|Any CPU
		{33D7FC44-B317-41EA-8087-C142BD8F0CEF}.Debug|x86.ActiveCfg = Debug|Any CPU
		{33D7FC44-B317-41EA-8087-C142BD8F0CEF}.Debug|x86.Build.0 = Debug|Any CPU
		{33D7FC44-B317-41EA-8087-C142BD8F0CEF}.Release|Any CPU.ActiveCfg = Release|Any CPU
		{33D7FC44-B317-41EA-8087-C142BD8F0CEF}.Release|Any CPU.Build.0 = Release|Any CPU
		{33D7FC44-B317-41EA-8087-C142BD8F0CEF}.Release|x64.ActiveCfg = Release|Any CPU
		{33D7FC44-B317-41EA-8087-C142BD8F0CEF}.Release|x64.Build.0 = Release|Any CPU
		{33D7FC44-B317-41EA-8087-C142BD8F0CEF}.Release|x86.ActiveCfg = Release|Any CPU
		{33D7FC44-B317-41EA-8087-C142BD8F0CEF}.Release|x86.Build.0 = Release|Any CPU
		{1377A14B-C981-4822-A695-51CD33477991}.Debug|Any CPU.ActiveCfg = Debug|Any CPU
		{1377A14B-C981-4822-A695-51CD33477991}.Debug|Any CPU.Build.0 = Debug|Any CPU
		{1377A14B-C981-4822-A695-51CD33477991}.Debug|x64.ActiveCfg = Debug|Any CPU
		{1377A14B-C981-4822-A695-51CD33477991}.Debug|x64.Build.0 = Debug|Any CPU
		{1377A14B-C981-4822-A695-51CD33477991}.Debug|x86.ActiveCfg = Debug|Any CPU
		{1377A14B-C981-4822-A695-51CD33477991}.Debug|x86.Build.0 = Debug|Any CPU
		{1377A14B-C981-4822-A695-51CD33477991}.Release|Any CPU.ActiveCfg = Release|Any CPU
		{1377A14B-C981-4822-A695-51CD33477991}.Release|Any CPU.Build.0 = Release|Any CPU
		{1377A14B-C981-4822-A695-51CD33477991}.Release|x64.ActiveCfg = Release|Any CPU
		{1377A14B-C981-4822-A695-51CD33477991}.Release|x64.Build.0 = Release|Any CPU
		{1377A14B-C981-4822-A695-51CD33477991}.Release|x86.ActiveCfg = Release|Any CPU
		{1377A14B-C981-4822-A695-51CD33477991}.Release|x86.Build.0 = Release|Any CPU
		{C676B5F1-CD34-4AEC-93D9-A57257D489FF}.Debug|Any CPU.ActiveCfg = Debug|Any CPU
		{C676B5F1-CD34-4AEC-93D9-A57257D489FF}.Debug|Any CPU.Build.0 = Debug|Any CPU
		{C676B5F1-CD34-4AEC-93D9-A57257D489FF}.Debug|x64.ActiveCfg = Debug|Any CPU
		{C676B5F1-CD34-4AEC-93D9-A57257D489FF}.Debug|x64.Build.0 = Debug|Any CPU
		{C676B5F1-CD34-4AEC-93D9-A57257D489FF}.Debug|x86.ActiveCfg = Debug|Any CPU
		{C676B5F1-CD34-4AEC-93D9-A57257D489FF}.Debug|x86.Build.0 = Debug|Any CPU
		{C676B5F1-CD34-4AEC-93D9-A57257D489FF}.Release|Any CPU.ActiveCfg = Release|Any CPU
		{C676B5F1-CD34-4AEC-93D9-A57257D489FF}.Release|Any CPU.Build.0 = Release|Any CPU
		{C676B5F1-CD34-4AEC-93D9-A57257D489FF}.Release|x64.ActiveCfg = Release|Any CPU
		{C676B5F1-CD34-4AEC-93D9-A57257D489FF}.Release|x64.Build.0 = Release|Any CPU
		{C676B5F1-CD34-4AEC-93D9-A57257D489FF}.Release|x86.ActiveCfg = Release|Any CPU
		{C676B5F1-CD34-4AEC-93D9-A57257D489FF}.Release|x86.Build.0 = Release|Any CPU
		{B0ABFC87-C595-44E8-8753-069B99ECDFF4}.Debug|Any CPU.ActiveCfg = Debug|Any CPU
		{B0ABFC87-C595-44E8-8753-069B99ECDFF4}.Debug|Any CPU.Build.0 = Debug|Any CPU
		{B0ABFC87-C595-44E8-8753-069B99ECDFF4}.Debug|x64.ActiveCfg = Debug|Any CPU
		{B0ABFC87-C595-44E8-8753-069B99ECDFF4}.Debug|x64.Build.0 = Debug|Any CPU
		{B0ABFC87-C595-44E8-8753-069B99ECDFF4}.Debug|x86.ActiveCfg = Debug|Any CPU
		{B0ABFC87-C595-44E8-8753-069B99ECDFF4}.Debug|x86.Build.0 = Debug|Any CPU
		{B0ABFC87-C595-44E8-8753-069B99ECDFF4}.Release|Any CPU.ActiveCfg = Release|Any CPU
		{B0ABFC87-C595-44E8-8753-069B99ECDFF4}.Release|Any CPU.Build.0 = Release|Any CPU
		{B0ABFC87-C595-44E8-8753-069B99ECDFF4}.Release|x64.ActiveCfg = Release|Any CPU
		{B0ABFC87-C595-44E8-8753-069B99ECDFF4}.Release|x64.Build.0 = Release|Any CPU
		{B0ABFC87-C595-44E8-8753-069B99ECDFF4}.Release|x86.ActiveCfg = Release|Any CPU
		{B0ABFC87-C595-44E8-8753-069B99ECDFF4}.Release|x86.Build.0 = Release|Any CPU
		{06454684-C5F4-4B93-ADDA-EC274ED7877E}.Debug|Any CPU.ActiveCfg = Debug|Any CPU
		{06454684-C5F4-4B93-ADDA-EC274ED7877E}.Debug|Any CPU.Build.0 = Debug|Any CPU
		{06454684-C5F4-4B93-ADDA-EC274ED7877E}.Debug|x64.ActiveCfg = Debug|Any CPU
		{06454684-C5F4-4B93-ADDA-EC274ED7877E}.Debug|x64.Build.0 = Debug|Any CPU
		{06454684-C5F4-4B93-ADDA-EC274ED7877E}.Debug|x86.ActiveCfg = Debug|Any CPU
		{06454684-C5F4-4B93-ADDA-EC274ED7877E}.Debug|x86.Build.0 = Debug|Any CPU
		{06454684-C5F4-4B93-ADDA-EC274ED7877E}.Release|Any CPU.ActiveCfg = Release|Any CPU
		{06454684-C5F4-4B93-ADDA-EC274ED7877E}.Release|Any CPU.Build.0 = Release|Any CPU
		{06454684-C5F4-4B93-ADDA-EC274ED7877E}.Release|x64.ActiveCfg = Release|Any CPU
		{06454684-C5F4-4B93-ADDA-EC274ED7877E}.Release|x64.Build.0 = Release|Any CPU
		{06454684-C5F4-4B93-ADDA-EC274ED7877E}.Release|x86.ActiveCfg = Release|Any CPU
		{06454684-C5F4-4B93-ADDA-EC274ED7877E}.Release|x86.Build.0 = Release|Any CPU
		{75B91B73-CBC9-487D-ACE2-2273E9AB6839}.Debug|Any CPU.ActiveCfg = Debug|Any CPU
		{75B91B73-CBC9-487D-ACE2-2273E9AB6839}.Debug|Any CPU.Build.0 = Debug|Any CPU
		{75B91B73-CBC9-487D-ACE2-2273E9AB6839}.Debug|x64.ActiveCfg = Debug|Any CPU
		{75B91B73-CBC9-487D-ACE2-2273E9AB6839}.Debug|x64.Build.0 = Debug|Any CPU
		{75B91B73-CBC9-487D-ACE2-2273E9AB6839}.Debug|x86.ActiveCfg = Debug|Any CPU
		{75B91B73-CBC9-487D-ACE2-2273E9AB6839}.Debug|x86.Build.0 = Debug|Any CPU
		{75B91B73-CBC9-487D-ACE2-2273E9AB6839}.Release|Any CPU.ActiveCfg = Release|Any CPU
		{75B91B73-CBC9-487D-ACE2-2273E9AB6839}.Release|Any CPU.Build.0 = Release|Any CPU
		{75B91B73-CBC9-487D-ACE2-2273E9AB6839}.Release|x64.ActiveCfg = Release|Any CPU
		{75B91B73-CBC9-487D-ACE2-2273E9AB6839}.Release|x64.Build.0 = Release|Any CPU
		{75B91B73-CBC9-487D-ACE2-2273E9AB6839}.Release|x86.ActiveCfg = Release|Any CPU
		{75B91B73-CBC9-487D-ACE2-2273E9AB6839}.Release|x86.Build.0 = Release|Any CPU
		{421F596A-BE9B-4449-8F5A-272ADCD2B6B5}.Debug|Any CPU.ActiveCfg = Debug|Any CPU
		{421F596A-BE9B-4449-8F5A-272ADCD2B6B5}.Debug|Any CPU.Build.0 = Debug|Any CPU
		{421F596A-BE9B-4449-8F5A-272ADCD2B6B5}.Debug|x64.ActiveCfg = Debug|Any CPU
		{421F596A-BE9B-4449-8F5A-272ADCD2B6B5}.Debug|x64.Build.0 = Debug|Any CPU
		{421F596A-BE9B-4449-8F5A-272ADCD2B6B5}.Debug|x86.ActiveCfg = Debug|Any CPU
		{421F596A-BE9B-4449-8F5A-272ADCD2B6B5}.Debug|x86.Build.0 = Debug|Any CPU
		{421F596A-BE9B-4449-8F5A-272ADCD2B6B5}.Release|Any CPU.ActiveCfg = Release|Any CPU
		{421F596A-BE9B-4449-8F5A-272ADCD2B6B5}.Release|Any CPU.Build.0 = Release|Any CPU
		{421F596A-BE9B-4449-8F5A-272ADCD2B6B5}.Release|x64.ActiveCfg = Release|Any CPU
		{421F596A-BE9B-4449-8F5A-272ADCD2B6B5}.Release|x64.Build.0 = Release|Any CPU
		{421F596A-BE9B-4449-8F5A-272ADCD2B6B5}.Release|x86.ActiveCfg = Release|Any CPU
		{421F596A-BE9B-4449-8F5A-272ADCD2B6B5}.Release|x86.Build.0 = Release|Any CPU
		{F19126E5-CD90-44CA-B89D-06251218D136}.Debug|Any CPU.ActiveCfg = Debug|Any CPU
		{F19126E5-CD90-44CA-B89D-06251218D136}.Debug|Any CPU.Build.0 = Debug|Any CPU
		{F19126E5-CD90-44CA-B89D-06251218D136}.Debug|x64.ActiveCfg = Debug|Any CPU
		{F19126E5-CD90-44CA-B89D-06251218D136}.Debug|x64.Build.0 = Debug|Any CPU
		{F19126E5-CD90-44CA-B89D-06251218D136}.Debug|x86.ActiveCfg = Debug|Any CPU
		{F19126E5-CD90-44CA-B89D-06251218D136}.Debug|x86.Build.0 = Debug|Any CPU
		{F19126E5-CD90-44CA-B89D-06251218D136}.Release|Any CPU.ActiveCfg = Release|Any CPU
		{F19126E5-CD90-44CA-B89D-06251218D136}.Release|Any CPU.Build.0 = Release|Any CPU
		{F19126E5-CD90-44CA-B89D-06251218D136}.Release|x64.ActiveCfg = Release|Any CPU
		{F19126E5-CD90-44CA-B89D-06251218D136}.Release|x64.Build.0 = Release|Any CPU
		{F19126E5-CD90-44CA-B89D-06251218D136}.Release|x86.ActiveCfg = Release|Any CPU
		{F19126E5-CD90-44CA-B89D-06251218D136}.Release|x86.Build.0 = Release|Any CPU
		{ADCD18C8-AF91-48D3-AE09-1D24394BB3D0}.Debug|Any CPU.ActiveCfg = Debug|Any CPU
		{ADCD18C8-AF91-48D3-AE09-1D24394BB3D0}.Debug|Any CPU.Build.0 = Debug|Any CPU
		{ADCD18C8-AF91-48D3-AE09-1D24394BB3D0}.Debug|x64.ActiveCfg = Debug|Any CPU
		{ADCD18C8-AF91-48D3-AE09-1D24394BB3D0}.Debug|x64.Build.0 = Debug|Any CPU
		{ADCD18C8-AF91-48D3-AE09-1D24394BB3D0}.Debug|x86.ActiveCfg = Debug|Any CPU
		{ADCD18C8-AF91-48D3-AE09-1D24394BB3D0}.Debug|x86.Build.0 = Debug|Any CPU
		{ADCD18C8-AF91-48D3-AE09-1D24394BB3D0}.Release|Any CPU.ActiveCfg = Release|Any CPU
		{ADCD18C8-AF91-48D3-AE09-1D24394BB3D0}.Release|Any CPU.Build.0 = Release|Any CPU
		{ADCD18C8-AF91-48D3-AE09-1D24394BB3D0}.Release|x64.ActiveCfg = Release|Any CPU
		{ADCD18C8-AF91-48D3-AE09-1D24394BB3D0}.Release|x64.Build.0 = Release|Any CPU
		{ADCD18C8-AF91-48D3-AE09-1D24394BB3D0}.Release|x86.ActiveCfg = Release|Any CPU
		{ADCD18C8-AF91-48D3-AE09-1D24394BB3D0}.Release|x86.Build.0 = Release|Any CPU
		{4F234AF8-3E9A-4C09-A2BF-926828E8A5A9}.Debug|Any CPU.ActiveCfg = Debug|Any CPU
		{4F234AF8-3E9A-4C09-A2BF-926828E8A5A9}.Debug|Any CPU.Build.0 = Debug|Any CPU
		{4F234AF8-3E9A-4C09-A2BF-926828E8A5A9}.Debug|x64.ActiveCfg = Debug|Any CPU
		{4F234AF8-3E9A-4C09-A2BF-926828E8A5A9}.Debug|x64.Build.0 = Debug|Any CPU
		{4F234AF8-3E9A-4C09-A2BF-926828E8A5A9}.Debug|x86.ActiveCfg = Debug|Any CPU
		{4F234AF8-3E9A-4C09-A2BF-926828E8A5A9}.Debug|x86.Build.0 = Debug|Any CPU
		{4F234AF8-3E9A-4C09-A2BF-926828E8A5A9}.Release|Any CPU.ActiveCfg = Release|Any CPU
		{4F234AF8-3E9A-4C09-A2BF-926828E8A5A9}.Release|Any CPU.Build.0 = Release|Any CPU
		{4F234AF8-3E9A-4C09-A2BF-926828E8A5A9}.Release|x64.ActiveCfg = Release|Any CPU
		{4F234AF8-3E9A-4C09-A2BF-926828E8A5A9}.Release|x64.Build.0 = Release|Any CPU
		{4F234AF8-3E9A-4C09-A2BF-926828E8A5A9}.Release|x86.ActiveCfg = Release|Any CPU
		{4F234AF8-3E9A-4C09-A2BF-926828E8A5A9}.Release|x86.Build.0 = Release|Any CPU
		{C0D525F0-4AF3-4D25-A85D-1E10D7416BC1}.Debug|Any CPU.ActiveCfg = Debug|Any CPU
		{C0D525F0-4AF3-4D25-A85D-1E10D7416BC1}.Debug|Any CPU.Build.0 = Debug|Any CPU
		{C0D525F0-4AF3-4D25-A85D-1E10D7416BC1}.Debug|x64.ActiveCfg = Debug|Any CPU
		{C0D525F0-4AF3-4D25-A85D-1E10D7416BC1}.Debug|x64.Build.0 = Debug|Any CPU
		{C0D525F0-4AF3-4D25-A85D-1E10D7416BC1}.Debug|x86.ActiveCfg = Debug|Any CPU
		{C0D525F0-4AF3-4D25-A85D-1E10D7416BC1}.Debug|x86.Build.0 = Debug|Any CPU
		{C0D525F0-4AF3-4D25-A85D-1E10D7416BC1}.Release|Any CPU.ActiveCfg = Release|Any CPU
		{C0D525F0-4AF3-4D25-A85D-1E10D7416BC1}.Release|Any CPU.Build.0 = Release|Any CPU
		{C0D525F0-4AF3-4D25-A85D-1E10D7416BC1}.Release|x64.ActiveCfg = Release|Any CPU
		{C0D525F0-4AF3-4D25-A85D-1E10D7416BC1}.Release|x64.Build.0 = Release|Any CPU
		{C0D525F0-4AF3-4D25-A85D-1E10D7416BC1}.Release|x86.ActiveCfg = Release|Any CPU
		{C0D525F0-4AF3-4D25-A85D-1E10D7416BC1}.Release|x86.Build.0 = Release|Any CPU
		{7D7CB2CC-CE16-4885-B980-0E21B730CADB}.Debug|Any CPU.ActiveCfg = Debug|Any CPU
		{7D7CB2CC-CE16-4885-B980-0E21B730CADB}.Debug|Any CPU.Build.0 = Debug|Any CPU
		{7D7CB2CC-CE16-4885-B980-0E21B730CADB}.Debug|x64.ActiveCfg = Debug|Any CPU
		{7D7CB2CC-CE16-4885-B980-0E21B730CADB}.Debug|x64.Build.0 = Debug|Any CPU
		{7D7CB2CC-CE16-4885-B980-0E21B730CADB}.Debug|x86.ActiveCfg = Debug|Any CPU
		{7D7CB2CC-CE16-4885-B980-0E21B730CADB}.Debug|x86.Build.0 = Debug|Any CPU
		{7D7CB2CC-CE16-4885-B980-0E21B730CADB}.Release|Any CPU.ActiveCfg = Release|Any CPU
		{7D7CB2CC-CE16-4885-B980-0E21B730CADB}.Release|Any CPU.Build.0 = Release|Any CPU
		{7D7CB2CC-CE16-4885-B980-0E21B730CADB}.Release|x64.ActiveCfg = Release|Any CPU
		{7D7CB2CC-CE16-4885-B980-0E21B730CADB}.Release|x64.Build.0 = Release|Any CPU
		{7D7CB2CC-CE16-4885-B980-0E21B730CADB}.Release|x86.ActiveCfg = Release|Any CPU
		{7D7CB2CC-CE16-4885-B980-0E21B730CADB}.Release|x86.Build.0 = Release|Any CPU
		{7A0D2AFF-240D-4FF6-A5C3-C6818E205071}.Debug|Any CPU.ActiveCfg = Debug|Any CPU
		{7A0D2AFF-240D-4FF6-A5C3-C6818E205071}.Debug|Any CPU.Build.0 = Debug|Any CPU
		{7A0D2AFF-240D-4FF6-A5C3-C6818E205071}.Debug|x64.ActiveCfg = Debug|Any CPU
		{7A0D2AFF-240D-4FF6-A5C3-C6818E205071}.Debug|x64.Build.0 = Debug|Any CPU
		{7A0D2AFF-240D-4FF6-A5C3-C6818E205071}.Debug|x86.ActiveCfg = Debug|Any CPU
		{7A0D2AFF-240D-4FF6-A5C3-C6818E205071}.Debug|x86.Build.0 = Debug|Any CPU
		{7A0D2AFF-240D-4FF6-A5C3-C6818E205071}.Release|Any CPU.ActiveCfg = Release|Any CPU
		{7A0D2AFF-240D-4FF6-A5C3-C6818E205071}.Release|Any CPU.Build.0 = Release|Any CPU
		{7A0D2AFF-240D-4FF6-A5C3-C6818E205071}.Release|x64.ActiveCfg = Release|Any CPU
		{7A0D2AFF-240D-4FF6-A5C3-C6818E205071}.Release|x64.Build.0 = Release|Any CPU
		{7A0D2AFF-240D-4FF6-A5C3-C6818E205071}.Release|x86.ActiveCfg = Release|Any CPU
		{7A0D2AFF-240D-4FF6-A5C3-C6818E205071}.Release|x86.Build.0 = Release|Any CPU
	EndGlobalSection
	GlobalSection(SolutionProperties) = preSolution
		HideSolutionNode = FALSE
	EndGlobalSection
	GlobalSection(NestedProjects) = preSolution
		{79E9A7AC-E489-4B53-94FB-3B8FBBE00297} = {827E0CD3-B72D-47B6-A68D-7590B98EB39B}
		{5C1819A1-0772-49C1-8F98-C62C964AA347} = {827E0CD3-B72D-47B6-A68D-7590B98EB39B}
		{6708833F-2337-428A-AFC3-F0C16BEB5842} = {827E0CD3-B72D-47B6-A68D-7590B98EB39B}
		{78048F4C-9706-4A9D-8642-4EE2AD616933} = {827E0CD3-B72D-47B6-A68D-7590B98EB39B}
		{966E4CC7-3CA5-41BF-ABB4-D079BB04B87D} = {827E0CD3-B72D-47B6-A68D-7590B98EB39B}
		{7F6C6E6D-0DC4-4D5B-8C60-F2E6430D2E34} = {23687B85-ECA0-46D8-9B03-AB99D7205D07}
		{D191B586-B8DE-4215-AEDC-68EF994A91ED} = {827E0CD3-B72D-47B6-A68D-7590B98EB39B}
		{C84233A0-A1BB-438B-829E-1E2D8C985F55} = {827E0CD3-B72D-47B6-A68D-7590B98EB39B}
		{FF41AF20-DEFF-4DC5-89D8-A66AE156ABB5} = {827E0CD3-B72D-47B6-A68D-7590B98EB39B}
		{A8C2A4C5-45A7-4C7F-9838-11420AF6FCA1} = {827E0CD3-B72D-47B6-A68D-7590B98EB39B}
		{33D7FC44-B317-41EA-8087-C142BD8F0CEF} = {827E0CD3-B72D-47B6-A68D-7590B98EB39B}
		{1377A14B-C981-4822-A695-51CD33477991} = {827E0CD3-B72D-47B6-A68D-7590B98EB39B}
		{C676B5F1-CD34-4AEC-93D9-A57257D489FF} = {827E0CD3-B72D-47B6-A68D-7590B98EB39B}
		{B0ABFC87-C595-44E8-8753-069B99ECDFF4} = {23687B85-ECA0-46D8-9B03-AB99D7205D07}
		{06454684-C5F4-4B93-ADDA-EC274ED7877E} = {827E0CD3-B72D-47B6-A68D-7590B98EB39B}
		{75B91B73-CBC9-487D-ACE2-2273E9AB6839} = {23687B85-ECA0-46D8-9B03-AB99D7205D07}
		{421F596A-BE9B-4449-8F5A-272ADCD2B6B5} = {23687B85-ECA0-46D8-9B03-AB99D7205D07}
		{F19126E5-CD90-44CA-B89D-06251218D136} = {23687B85-ECA0-46D8-9B03-AB99D7205D07}
		{ADCD18C8-AF91-48D3-AE09-1D24394BB3D0} = {23687B85-ECA0-46D8-9B03-AB99D7205D07}
		{4F234AF8-3E9A-4C09-A2BF-926828E8A5A9} = {23687B85-ECA0-46D8-9B03-AB99D7205D07}
		{C0D525F0-4AF3-4D25-A85D-1E10D7416BC1} = {A1D62C45-6A31-4F38-8129-30DD2560E2D2}
		{7D7CB2CC-CE16-4885-B980-0E21B730CADB} = {A1D62C45-6A31-4F38-8129-30DD2560E2D2}
		{7A0D2AFF-240D-4FF6-A5C3-C6818E205071} = {A1D62C45-6A31-4F38-8129-30DD2560E2D2}
	EndGlobalSection
EndGlobal
